
Microsoft Visual Studio Solution File, Format Version 12.00
# Visual Studio Version 16
VisualStudioVersion = 16.0.31112.23
MinimumVisualStudioVersion = 10.0.40219.1
Project("{9A19103F-16F7-4668-BE54-9A1E7A4F7556}") = "ScorpiusClientLibrary", "ScorpiusClientLibrary\ScorpiusClientLibrary.csproj", "{CF974A11-007A-4BFA-A7BA-5591EFB35873}"
EndProject
Project("{9A19103F-16F7-4668-BE54-9A1E7A4F7556}") = "SocialiteSensors.Android", "SocialiteSensors.Android\SocialiteSensors.Android.csproj", "{CF974A11-007A-4BFA-A7BA-5591EFB35873}"
EndProject
Project("{9A19103F-16F7-4668-BE54-9A1E7A4F7556}") = "SocialiteSensors.iOS", "SocialiteSensors.iOS\SocialiteSensors.iOS.csproj", "{CF974A11-007A-4BFA-A7BA-5591EFB35873}"
EndProject
Global
	GlobalSection(SolutionConfigurationPlatforms) = preSolution
		Debug|Any CPU = Debug|Any CPU
		Release|Any CPU = Release|Any CPU
	EndGlobalSection
	GlobalSection(ProjectConfigurationPlatforms) = postSolution
		{CF974A11-007A-4BFA-A7BA-5591EFB35873}.Debug|Any CPU.ActiveCfg = Debug|Any CPU
		{CF974A11-007A-4BFA-A7BA-5591EFB35873}.Debug|Any CPU.Build.0 = Debug|Any CPU
		{CF974A11-007A-4BFA-A7BA-5591EFB35873}.Release|Any CPU.ActiveCfg = Release|Any CPU
		{CF974A11-007A-4BFA-A7BA-5591EFB35873}.Release|Any CPU.Build.0 = Release|Any CPU
	EndGlobalSection
	GlobalSection(SolutionProperties) = preSolution
		HideSolutionNode = FALSE
	EndGlobalSection
	GlobalSection(ExtensibilityGlobals) = postSolution
		SolutionGuid = {7578E354-CB56-4A14-BF69-296609F6EF31}
	EndGlobalSection
EndGlobal
